Microsoft Visual Studio Solution File, Format Version 12.00
# Visual Studio Version 16
VisualStudioVersion = 16.0.0.0
MinimumVisualStudioVersion = 16.0.0.0
Project("{9A19103F-16F7-4668-BE54-9A1E7A4F7556}") = "MobileBlazorAdvanced", "MobileBlazorAdvanced\MobileBlazorAdvanced.csproj", "{83614E51-34E3-4F4C-B265-7AAD41922EC8}"
EndProject
Project("{FAE04EC0-301F-11D3-BF4B-00C04F79EFBC}") = "MobileBlazorAdvanced.Android", "MobileBlazorAdvanced.Android\MobileBlazorAdvanced.Android.csproj", "{E9CEDE2F-F00F-4A34-87B1-25E8EE613ED9}"
EndProject
Project("{FAE04EC0-301F-11D3-BF4B-00C04F79EFBC}") = "MobileBlazorAdvanced.iOS", "MobileBlazorAdvanced.iOS\MobileBlazorAdvanced.iOS.csproj", "{03191D8F-780B-4B59-8698-B869DB066F92}"
EndProject
Global
	GlobalSection(SolutionConfigurationPlatforms) = preSolution
		Debug|Any CPU = Debug|Any CPU
		Debug|iPhone = Debug|iPhone
		Debug|iPhoneSimulator = Debug|iPhoneSimulator
		Debug|x64 = Debug|x64
		Debug|x86 = Debug|x86
		Release|Any CPU = Release|Any CPU
		Release|iPhone = Release|iPhone
		Release|iPhoneSimulator = Release|iPhoneSimulator
		Release|x64 = Release|x64
		Release|x86 = Release|x86
	EndGlobalSection
	GlobalSection(ProjectConfigurationPlatforms) = postSolution
		{E9CEDE2F-F00F-4A34-87B1-25E8EE613ED9}.Debug|Any CPU.ActiveCfg = Debug|Any CPU
		{E9CEDE2F-F00F-4A34-87B1-25E8EE613ED9}.Debug|Any CPU.Build.0 = Debug|Any CPU
		{E9CEDE2F-F00F-4A34-87B1-25E8EE613ED9}.Debug|Any CPU.Deploy.0 = Debug|Any CPU
		{E9CEDE2F-F00F-4A34-87B1-25E8EE613ED9}.Debug|iPhone.ActiveCfg = Debug|Any CPU
		{E9CEDE2F-F00F-4A34-87B1-25E8EE613ED9}.Debug|iPhone.Build.0 = Debug|Any CPU
		{E9CEDE2F-F00F-4A34-87B1-25E8EE613ED9}.Debug|iPhone.Deploy.0 = Debug|Any CPU
		{E9CEDE2F-F00F-4A34-87B1-25E8EE613ED9}.Debug|iPhoneSimulator.ActiveCfg = Debug|Any CPU
		{E9CEDE2F-F00F-4A34-87B1-25E8EE613ED9}.Debug|iPhoneSimulator.Build.0 = Debug|Any CPU
		{E9CEDE2F-F00F-4A34-87B1-25E8EE613ED9}.Debug|iPhoneSimulator.Deploy.0 = Debug|Any CPU
		{E9CEDE2F-F00F-4A34-87B1-25E8EE613ED9}.Debug|x64.ActiveCfg = Debug|Any CPU
		{E9CEDE2F-F00F-4A34-87B1-25E8EE613ED9}.Debug|x64.Build.0 = Debug|Any CPU
		{E9CEDE2F-F00F-4A34-87B1-25E8EE613ED9}.Debug|x64.Deploy.0 = Debug|Any CPU
		{E9CEDE2F-F00F-4A34-87B1-25E8EE613ED9}.Debug|x86.ActiveCfg = Debug|Any CPU
		{E9CEDE2F-F00F-4A34-87B1-25E8EE613ED9}.Debug|x86.Build.0 = Debug|Any CPU
		{E9CEDE2F-F00F-4A34-87B1-25E8EE613ED9}.Debug|x86.Deploy.0 = Debug|Any CPU
		{E9CEDE2F-F00F-4A34-87B1-25E8EE613ED9}.Release|Any CPU.ActiveCfg = Release|Any CPU
		{E9CEDE2F-F00F-4A34-87B1-25E8EE613ED9}.Release|Any CPU.Build.0 = Release|Any CPU
		{E9CEDE2F-F00F-4A34-87B1-25E8EE613ED9}.Release|Any CPU.Deploy.0 = Release|Any CPU
		{E9CEDE2F-F00F-4A34-87B1-25E8EE613ED9}.Release|iPhone.ActiveCfg = Release|Any CPU
		{E9CEDE2F-F00F-4A34-87B1-25E8EE613ED9}.Release|iPhone.Build.0 = Release|Any CPU
		{E9CEDE2F-F00F-4A34-87B1-25E8EE613ED9}.Release|iPhone.Deploy.0 = Release|Any CPU
		{E9CEDE2F-F00F-4A34-87B1-25E8EE613ED9}.Release|iPhoneSimulator.ActiveCfg = Release|Any CPU
		{E9CEDE2F-F00F-4A34-87B1-25E8EE613ED9}.Release|iPhoneSimulator.Build.0 = Release|Any CPU
		{E9CEDE2F-F00F-4A34-87B1-25E8EE613ED9}.Release|iPhoneSimulator.Deploy.0 = Release|Any CPU
		{E9CEDE2F-F00F-4A34-87B1-25E8EE613ED9}.Release|x64.ActiveCfg = Release|Any CPU
		{E9CEDE2F-F00F-4A34-87B1-25E8EE613ED9}.Release|x64.Build.0 = Release|Any CPU
		{E9CEDE2F-F00F-4A34-87B1-25E8EE613ED9}.Release|x64.Deploy.0 = Release|Any CPU
		{E9CEDE2F-F00F-4A34-87B1-25E8EE613ED9}.Release|x86.ActiveCfg = Release|Any CPU
		{E9CEDE2F-F00F-4A34-87B1-25E8EE613ED9}.Release|x86.Build.0 = Release|Any CPU
		{E9CEDE2F-F00F-4A34-87B1-25E8EE613ED9}.Release|x86.Deploy.0 = Release|Any CPU
		{83614E51-34E3-4F4C-B265-7AAD41922EC8}.Debug|Any CPU.ActiveCfg = Debug|Any CPU
		{83614E51-34E3-4F4C-B265-7AAD41922EC8}.Debug|Any CPU.Build.0 = Debug|Any CPU
		{83614E51-34E3-4F4C-B265-7AAD41922EC8}.Debug|iPhone.ActiveCfg = Debug|Any CPU
		{83614E51-34E3-4F4C-B265-7AAD41922EC8}.Debug|iPhone.Build.0 = Debug|Any CPU
		{83614E51-34E3-4F4C-B265-7AAD41922EC8}.Debug|iPhoneSimulator.ActiveCfg = Debug|Any CPU
		{83614E51-34E3-4F4C-B265-7AAD41922EC8}.Debug|iPhoneSimulator.Build.0 = Debug|Any CPU
		{83614E51-34E3-4F4C-B265-7AAD41922EC8}.Debug|x64.ActiveCfg = Debug|Any CPU
		{83614E51-34E3-4F4C-B265-7AAD41922EC8}.Debug|x64.Build.0 = Debug|Any CPU
		{83614E51-34E3-4F4C-B265-7AAD41922EC8}.Debug|x86.ActiveCfg = Debug|Any CPU
		{83614E51-34E3-4F4C-B265-7AAD41922EC8}.Debug|x86.Build.0 = Debug|Any CPU
		{83614E51-34E3-4F4C-B265-7AAD41922EC8}.Release|Any CPU.ActiveCfg = Release|Any CPU
		{83614E51-34E3-4F4C-B265-7AAD41922EC8}.Release|Any CPU.Build.0 = Release|Any CPU
		{83614E51-34E3-4F4C-B265-7AAD41922EC8}.Release|iPhone.ActiveCfg = Release|Any CPU
		{83614E51-34E3-4F4C-B265-7AAD41922EC8}.Release|iPhone.Build.0 = Release|Any CPU
		{83614E51-34E3-4F4C-B265-7AAD41922EC8}.Release|iPhoneSimulator.ActiveCfg = Release|Any CPU
		{83614E51-34E3-4F4C-B265-7AAD41922EC8}.Release|iPhoneSimulator.Build.0 = Release|Any CPU
		{83614E51-34E3-4F4C-B265-7AAD41922EC8}.Release|x64.ActiveCfg = Release|Any CPU
		{83614E51-34E3-4F4C-B265-7AAD41922EC8}.Release|x64.Build.0 = Release|Any CPU
		{83614E51-34E3-4F4C-B265-7AAD41922EC8}.Release|x86.ActiveCfg = Release|Any CPU
		{83614E51-34E3-4F4C-B265-7AAD41922EC8}.Release|x86.Build.0 = Release|Any CPU
		{03191D8F-780B-4B59-8698-B869DB066F92}.Debug|Any CPU.ActiveCfg = Debug|iPhone
		{03191D8F-780B-4B59-8698-B869DB066F92}.Debug|iPhone.ActiveCfg = Debug|iPhone
		{03191D8F-780B-4B59-8698-B869DB066F92}.Debug|iPhone.Build.0 = Debug|iPhone
		{03191D8F-780B-4B59-8698-B869DB066F92}.Debug|iPhoneSimulator.ActiveCfg = Debug|iPhoneSimulator
		{03191D8F-780B-4B59-8698-B869DB066F92}.Debug|iPhoneSimulator.Build.0 = Debug|iPhoneSimulator
		{03191D8F-780B-4B59-8698-B869DB066F92}.Debug|x64.ActiveCfg = Debug|iPhone
		{03191D8F-780B-4B59-8698-B869DB066F92}.Debug|x86.ActiveCfg = Debug|iPhone
		{03191D8F-780B-4B59-8698-B869DB066F92}.Release|Any CPU.ActiveCfg = Release|iPhone
		{03191D8F-780B-4B59-8698-B869DB066F92}.Release|iPhone.ActiveCfg = Release|iPhone
		{03191D8F-780B-4B59-8698-B869DB066F92}.Release|iPhone.Build.0 = Release|iPhone
		{03191D8F-780B-4B59-8698-B869DB066F92}.Release|iPhoneSimulator.ActiveCfg = Release|iPhoneSimulator
		{03191D8F-780B-4B59-8698-B869DB066F92}.Release|iPhoneSimulator.Build.0 = Release|iPhoneSimulator
		{03191D8F-780B-4B59-8698-B869DB066F92}.Release|x64.ActiveCfg = Release|iPhone
		{03191D8F-780B-4B59-8698-B869DB066F92}.Release|x86.ActiveCfg = Release|iPhone
	EndGlobalSection
	GlobalSection(SolutionProperties) = preSolution
		HideSolutionNode = FALSE
	EndGlobalSection
	GlobalSection(ExtensibilityGlobals) = postSolution
		SolutionGuid = {A21D2A93-B940-4AFF-B247-2EB66BF717C5}
	EndGlobalSection
EndGlobal
